{
  "name": "deepseek-harness-reasonix",
  "version": "0.1.0",
  "lockfileVersion": 2,
  "requires": true,
  "packages": {
    "": {
      "name": "deepseek-harness-reasonix",
      "version": "0.1.0",
      "license": "MIT",
      "workspaces": [
        "bridge",
        "bundle-reasonix",
        "launcher"
      ],
      "devDependencies": {
        "@types/node": "^16.18.126",
        "typescript": "^5.3.3"
      },
      "engines": {
        "node": ">=16"
      }
    },
    "bridge": {
      "name": "reasonix-bridge",
      "version": "0.1.0",
      "license": "MIT",
      "engines": {
        "node": ">=16"
      }
    },
    "bundle-reasonix": {
      "name": "@reasonix/dsh-bundle-reasonix",
      "version": "0.1.0",
      "license": "MIT",
      "engines": {
        "node": ">=16"
      }
    },
    "launcher": {
      "version": "0.1.0",
      "license": "MIT",
      "dependencies": {
        "@reasonix/dsh-bundle-reasonix": "file:../bundle-reasonix",
        "reasonix-bridge": "file:../bridge"
      },
      "engines": {
        "node": ">=16"
      }
    },
    "node_modules/@reasonix/dsh-bundle-reasonix": {
      "resolved": "bundle-reasonix",
      "link": true
    },
    "node_modules/@types/node": {
      "version": "16.18.126",
      "resolved": "https://registry.npmmirror.com/@types/node/-/node-16.18.126.tgz",
      "integrity": "sha512-OTcgaiwfGFBKacvfwuHzzn1KLxH/er8mluiy8/uM3sGXHaRe73RrSIj01jow9t4kJEW633Ov+cOexXeiApTyAw==",
      "dev": true
    },
    "node_modules/reasonix-bridge": {
      "resolved": "bridge",
      "link": true
    },
    "node_modules/reasonix-launcher": {
      "resolved": "launcher",
      "link": true
    },
    "node_modules/typescript": {
      "version": "5.3.3",
      "resolved": "https://registry.npmmirror.com/typescript/-/typescript-5.3.3.tgz",
      "integrity": "sha512-pXWcraxM0uxAS+tN0AG/BF2TyqmHO014Z070UsJ+pFvYuRSq8KH8DmWpnbXe0pEPDHXZV3FcAbJkijJ5oNEnWw==",
      "dev": true,
      "bin": {
        "tsc": "bin/tsc",
        "tsserver": "bin/tsserver"
      },
      "engines": {
        "node": ">=14.17"
      }
    }
  },
  "dependencies": {
    "@reasonix/dsh-bundle-reasonix": {
      "version": "file:bundle-reasonix"
    },
    "@types/node": {
      "version": "16.18.126",
      "resolved": "https://registry.npmmirror.com/@types/node/-/node-16.18.126.tgz",
      "integrity": "sha512-OTcgaiwfGFBKacvfwuHzzn1KLxH/er8mluiy8/uM3sGXHaRe73RrSIj01jow9t4kJEW633Ov+cOexXeiApTyAw==",
      "dev": true
    },
    "reasonix-bridge": {
      "version": "file:bridge"
    },
    "reasonix-launcher": {
      "version": "file:launcher",
      "requires": {
        "@reasonix/dsh-bundle-reasonix": "file:../bundle-reasonix",
        "reasonix-bridge": "file:../bridge"
      }
    },
    "typescript": {
      "version": "5.3.3",
      "resolved": "https://registry.npmmirror.com/typescript/-/typescript-5.3.3.tgz",
      "integrity": "sha512-pXWcraxM0uxAS+tN0AG/BF2TyqmHO014Z070UsJ+pFvYuRSq8KH8DmWpnbXe0pEPDHXZV3FcAbJkijJ5oNEnWw==",
      "dev": true
    }
  }
}
